
Microsoft Visual Studio Solution File, Format Version 12.00
# Visual Studio Version 17
VisualStudioVersion = 17.10.34928.147
MinimumVisualStudioVersion = 10.0.40219.1
Project("{9A19103F-16F7-4668-BE54-9A1E7A4F7556}") = "Student_WebApi", "Student_WebApi\Student_WebApi.csproj", "{3615D824-4AB8-4BD7-9BCF-7FB329D36344}"
EndProject
Project("{9A19103F-16F7-4668-BE54-9A1E7A4F7556}") = "Contracts", "Contracts\Contracts.csproj", "{EBE53EE4-67C2-4A21-B76E-E82C0D3C1EAE}"
EndProject
Project("{9A19103F-16F7-4668-BE54-9A1E7A4F7556}") = "Entities", "Entities\Entities.csproj", "{80729685-A96D-4469-A851-A60EF39209A5}"
EndProject
Project("{9A19103F-16F7-4668-BE54-9A1E7A4F7556}") = "LoggerService", "LoggerService\LoggerService.csproj", "{54BCE3CF-4A61-465B-9060-3D324306B9DE}"
EndProject
Project("{9A19103F-16F7-4668-BE54-9A1E7A4F7556}") = "Repository", "Repository\Repository.csproj", "{AFA85005-C8C5-4E8F-96E6-39E2398A0523}"
EndProject
Project("{9A19103F-16F7-4668-BE54-9A1E7A4F7556}") = "Services", "Services\Services.csproj", "{87570FBA-AC4B-42D6-BA2A-D2AF5870DD4F}"
EndProject
Project("{9A19103F-16F7-4668-BE54-9A1E7A4F7556}") = "ServicesContracts", "ServicesContracts\ServicesContracts.csproj", "{B613793C-373C-4577-83DA-C3AAD3DC6861}"
EndProject
Project("{FAE04EC0-301F-11D3-BF4B-00C04F79EFBC}") = "Student_WebApi_ADO_NET", "Student_WebApi_ADO_NET\Student_WebApi_ADO_NET.csproj", "{0B8D20C5-7D5B-4F53-941A-BA80654DB95A}"
EndProject
Global
	GlobalSection(SolutionConfigurationPlatforms) = preSolution
		Debug|Any CPU = Debug|Any CPU
		Release|Any CPU = Release|Any CPU
	EndGlobalSection
	GlobalSection(ProjectConfigurationPlatforms) = postSolution
		{3615D824-4AB8-4BD7-9BCF-7FB329D36344}.Debug|Any CPU.ActiveCfg = Debug|Any CPU
		{3615D824-4AB8-4BD7-9BCF-7FB329D36344}.Debug|Any CPU.Build.0 = Debug|Any CPU
		{3615D824-4AB8-4BD7-9BCF-7FB329D36344}.Release|Any CPU.ActiveCfg = Release|Any CPU
		{3615D824-4AB8-4BD7-9BCF-7FB329D36344}.Release|Any CPU.Build.0 = Release|Any CPU
		{EBE53EE4-67C2-4A21-B76E-E82C0D3C1EAE}.Debug|Any CPU.ActiveCfg = Debug|Any CPU
		{EBE53EE4-67C2-4A21-B76E-E82C0D3C1EAE}.Debug|Any CPU.Build.0 = Debug|Any CPU
		{EBE53EE4-67C2-4A21-B76E-E82C0D3C1EAE}.Release|Any CPU.ActiveCfg = Release|Any CPU
		{EBE53EE4-67C2-4A21-B76E-E82C0D3C1EAE}.Release|Any CPU.Build.0 = Release|Any CPU
		{80729685-A96D-4469-A851-A60EF39209A5}.Debug|Any CPU.ActiveCfg = Debug|Any CPU
		{80729685-A96D-4469-A851-A60EF39209A5}.Debug|Any CPU.Build.0 = Debug|Any CPU
		{80729685-A96D-4469-A851-A60EF39209A5}.Release|Any CPU.ActiveCfg = Release|Any CPU
		{80729685-A96D-4469-A851-A60EF39209A5}.Release|Any CPU.Build.0 = Release|Any CPU
		{54BCE3CF-4A61-465B-9060-3D324306B9DE}.Debug|Any CPU.ActiveCfg = Debug|Any CPU
		{54BCE3CF-4A61-465B-9060-3D324306B9DE}.Debug|Any CPU.Build.0 = Debug|Any CPU
		{54BCE3CF-4A61-465B-9060-3D324306B9DE}.Release|Any CPU.ActiveCfg = Release|Any CPU
		{54BCE3CF-4A61-465B-9060-3D324306B9DE}.Release|Any CPU.Build.0 = Release|Any CPU
		{AFA85005-C8C5-4E8F-96E6-39E2398A0523}.Debug|Any CPU.ActiveCfg = Debug|Any CPU
		{AFA85005-C8C5-4E8F-96E6-39E2398A0523}.Debug|Any CPU.Build.0 = Debug|Any CPU
		{AFA85005-C8C5-4E8F-96E6-39E2398A0523}.Release|Any CPU.ActiveCfg = Release|Any CPU
		{AFA85005-C8C5-4E8F-96E6-39E2398A0523}.Release|Any CPU.Build.0 = Release|Any CPU
		{87570FBA-AC4B-42D6-BA2A-D2AF5870DD4F}.Debug|Any CPU.ActiveCfg = Debug|Any CPU
		{87570FBA-AC4B-42D6-BA2A-D2AF5870DD4F}.Debug|Any CPU.Build.0 = Debug|Any CPU
		{87570FBA-AC4B-42D6-BA2A-D2AF5870DD4F}.Release|Any CPU.ActiveCfg = Release|Any CPU
		{87570FBA-AC4B-42D6-BA2A-D2AF5870DD4F}.Release|Any CPU.Build.0 = Release|Any CPU
		{B613793C-373C-4577-83DA-C3AAD3DC6861}.Debug|Any CPU.ActiveCfg = Debug|Any CPU
		{B613793C-373C-4577-83DA-C3AAD3DC6861}.Debug|Any CPU.Build.0 = Debug|Any CPU
		{B613793C-373C-4577-83DA-C3AAD3DC6861}.Release|Any CPU.ActiveCfg = Release|Any CPU
		{B613793C-373C-4577-83DA-C3AAD3DC6861}.Release|Any CPU.Build.0 = Release|Any CPU
		{0B8D20C5-7D5B-4F53-941A-BA80654DB95A}.Debug|Any CPU.ActiveCfg = Debug|Any CPU
		{0B8D20C5-7D5B-4F53-941A-BA80654DB95A}.Debug|Any CPU.Build.0 = Debug|Any CPU
		{0B8D20C5-7D5B-4F53-941A-BA80654DB95A}.Release|Any CPU.ActiveCfg = Release|Any CPU
		{0B8D20C5-7D5B-4F53-941A-BA80654DB95A}.Release|Any CPU.Build.0 = Release|Any CPU
	EndGlobalSection
	GlobalSection(SolutionProperties) = preSolution
		HideSolutionNode = FALSE
	EndGlobalSection
	GlobalSection(ExtensibilityGlobals) = postSolution
		SolutionGuid = {43DA9135-65FC-4003-9175-CE51FC3F4D1C}
	EndGlobalSection
EndGlobal
